
Microsoft Visual Studio Solution File, Format Version 12.00
# Visual Studio Version 17
VisualStudioVersion = 17.14.36429.23 d17.14
MinimumVisualStudioVersion = 10.0.40219.1
Project("{FAE04EC0-301F-11D3-BF4B-00C04F79EFBC}") = "Ejercicio2Telegrama", "Ejercicio2Telegrama.csproj", "{184E52D3-9D23-43F3-A3FF-BA1B15AA2574}"
EndProject
Global
	GlobalSection(SolutionConfigurationPlatforms) = preSolution
		Debug|Any CPU = Debug|Any CPU
		Release|Any CPU = Release|Any CPU
	EndGlobalSection
	GlobalSection(ProjectConfigurationPlatforms) = postSolution
		{184E52D3-9D23-43F3-A3FF-BA1B15AA2574}.Debug|Any CPU.ActiveCfg = Debug|Any CPU
		{184E52D3-9D23-43F3-A3FF-BA1B15AA2574}.Debug|Any CPU.Build.0 = Debug|Any CPU
		{184E52D3-9D23-43F3-A3FF-BA1B15AA2574}.Release|Any CPU.ActiveCfg = Release|Any CPU
		{184E52D3-9D23-43F3-A3FF-BA1B15AA2574}.Release|Any CPU.Build.0 = Release|Any CPU
	EndGlobalSection
	GlobalSection(SolutionProperties) = preSolution
		HideSolutionNode = FALSE
	EndGlobalSection
	GlobalSection(ExtensibilityGlobals) = postSolution
		SolutionGuid = {28F2C553-B04F-4EE3-9BD8-96701D4C626F}
	EndGlobalSection
EndGlobal
